// !$*UTF8*$!
{
	archiveVersion = 1;
	classes = {
	};
	objectVersion = 50;
	objects = {

/* Begin PBXBuildFile section */
		01CCFEAE2636682B006B19CD /* ContactsModel.swift in Sources */ = {isa = PBXBuildFile; fileRef = 01CCFEAD2636682B006B19CD /* ContactsModel.swift */; };
		01CCFEB326367038006B19CD /* HomeController+UITableViewDelegate.swift in Sources */ = {isa = PBXBuildFile; fileRef = 01CCFEB226367038006B19CD /* HomeController+UITableViewDelegate.swift */; };
		01CCFEB8263670B1006B19CD /* QuickAddsTableViewCell.swift in Sources */ = {isa = PBXBuildFile; fileRef = 01CCFEB7263670B1006B19CD /* QuickAddsTableViewCell.swift */; };
		01CCFEBD26367615006B19CD /* ContactsTableViewCell.swift in Sources */ = {isa = PBXBuildFile; fileRef = 01CCFEBC26367615006B19CD /* ContactsTableViewCell.swift */; };
		01CCFEC526367B1C006B19CD /* ImageDownloader.swift in Sources */ = {isa = PBXBuildFile; fileRef = 01CCFEC426367B1C006B19CD /* ImageDownloader.swift */; };
		01CCFECA26368E3B006B19CD /* UIImageView.swift in Sources */ = {isa = PBXBuildFile; fileRef = 01CCFEC926368E3B006B19CD /* UIImageView.swift */; };
		01CCFED22636964F006B19CD /* ContactsHeaderTableView.xib in Resources */ = {isa = PBXBuildFile; fileRef = 01CCFED12636964F006B19CD /* ContactsHeaderTableView.xib */; };
		01CCFED72636968F006B19CD /* ContactHeaderTableView.swift in Sources */ = {isa = PBXBuildFile; fileRef = 01CCFED62636968F006B19CD /* ContactHeaderTableView.swift */; };
		01E62F2D2635ED5500BDA7CD /* AppDelegate.swift in Sources */ = {isa = PBXBuildFile; fileRef = 01E62F2C2635ED5500BDA7CD /* AppDelegate.swift */; };
		01E62F362635ED5700BDA7CD /* Assets.xcassets in Resources */ = {isa = PBXBuildFile; fileRef = 01E62F352635ED5700BDA7CD /* Assets.xcassets */; };
		01E62F392635ED5700BDA7CD /* LaunchScreen.storyboard in Resources */ = {isa = PBXBuildFile; fileRef = 01E62F372635ED5700BDA7CD /* LaunchScreen.storyboard */; };
		01E62F442635ED5700BDA7CD /* KianTests.swift in Sources */ = {isa = PBXBuildFile; fileRef = 01E62F432635ED5700BDA7CD /* KianTests.swift */; };
		01E62F4F2635ED5700BDA7CD /* KianUITests.swift in Sources */ = {isa = PBXBuildFile; fileRef = 01E62F4E2635ED5700BDA7CD /* KianUITests.swift */; };
		01E62F652635EE2D00BDA7CD /* MainCoordinator.swift in Sources */ = {isa = PBXBuildFile; fileRef = 01E62F632635EE2D00BDA7CD /* MainCoordinator.swift */; };
		01E62F662635EE2D00BDA7CD /* CoordinatorProtocol.swift in Sources */ = {isa = PBXBuildFile; fileRef = 01E62F642635EE2D00BDA7CD /* CoordinatorProtocol.swift */; };
		01E62F832635EE3400BDA7CD /* UIAlertControllerExtension.swift in Sources */ = {isa = PBXBuildFile; fileRef = 01E62F6C2635EE3400BDA7CD /* UIAlertControllerExtension.swift */; };
		01E62F922635EE3400BDA7CD /* UIControllerExtension.swift in Sources */ = {isa = PBXBuildFile; fileRef = 01E62F7B2635EE3400BDA7CD /* UIControllerExtension.swift */; };
		01E62F932635EE3400BDA7CD /* ServerEncoder.swift in Sources */ = {isa = PBXBuildFile; fileRef = 01E62F7C2635EE3400BDA7CD /* ServerEncoder.swift */; };
		01E62F962635EE3400BDA7CD /* DateExtension.swift in Sources */ = {isa = PBXBuildFile; fileRef = 01E62F7F2635EE3400BDA7CD /* DateExtension.swift */; };
		01E62FA32635EE3B00BDA7CD /* ServiceLayer.swift in Sources */ = {isa = PBXBuildFile; fileRef = 01E62F9D2635EE3B00BDA7CD /* ServiceLayer.swift */; };
		01E62FA52635EE3B00BDA7CD /* HttpStatusCodes.swift in Sources */ = {isa = PBXBuildFile; fileRef = 01E62F9F2635EE3B00BDA7CD /* HttpStatusCodes.swift */; };
		01E62FA62635EE3B00BDA7CD /* ServiceError.swift in Sources */ = {isa = PBXBuildFile; fileRef = 01E62FA02635EE3B00BDA7CD /* ServiceError.swift */; };
		01E62FA72635EE3B00BDA7CD /* Router.swift in Sources */ = {isa = PBXBuildFile; fileRef = 01E62FA12635EE3B00BDA7CD /* Router.swift */; };
		01E62FA82635EE3B00BDA7CD /* NetworkErrorHandler.swift in Sources */ = {isa = PBXBuildFile; fileRef = 01E62FA22635EE3B00BDA7CD /* NetworkErrorHandler.swift */; };
		01E62FB42635EEF900BDA7CD /* Home.storyboard in Resources */ = {isa = PBXBuildFile; fileRef = 01E62FB32635EEF900BDA7CD /* Home.storyboard */; };
		01E62FB92635EF1200BDA7CD /* HomeController.swift in Sources */ = {isa = PBXBuildFile; fileRef = 01E62FB82635EF1200BDA7CD /* HomeController.swift */; };
		01E62FD02635EF3C00BDA7CD /* PresentModal.swift in Sources */ = {isa = PBXBuildFile; fileRef = 01E62FBE2635EF3C00BDA7CD /* PresentModal.swift */; };
		01E62FD12635EF3C00BDA7CD /* UIColorExtention.swift in Sources */ = {isa = PBXBuildFile; fileRef = 01E62FBF2635EF3C00BDA7CD /* UIColorExtention.swift */; };
		01E62FD32635EF3C00BDA7CD /* Sketch.swift in Sources */ = {isa = PBXBuildFile; fileRef = 01E62FC12635EF3C00BDA7CD /* Sketch.swift */; };
		01E62FD42635EF3C00BDA7CD /* LoadingExtention.swift in Sources */ = {isa = PBXBuildFile; fileRef = 01E62FC22635EF3C00BDA7CD /* LoadingExtention.swift */; };
		01E62FD82635EF3C00BDA7CD /* Storyboarded.swift in Sources */ = {isa = PBXBuildFile; fileRef = 01E62FC62635EF3C00BDA7CD /* Storyboarded.swift */; };
		01E62FD92635EF3C00BDA7CD /* UIViewExtensions.swift in Sources */ = {isa = PBXBuildFile; fileRef = 01E62FC72635EF3C00BDA7CD /* UIViewExtensions.swift */; };
		01E62FDA2635EF3C00BDA7CD /* TelmaColor.swift in Sources */ = {isa = PBXBuildFile; fileRef = 01E62FC82635EF3C00BDA7CD /* TelmaColor.swift */; };
		01E62FDB2635EF3C00BDA7CD /* RoundCorners.swift in Sources */ = {isa = PBXBuildFile; fileRef = 01E62FC92635EF3C00BDA7CD /* RoundCorners.swift */; };
		01E62FDC2635EF3C00BDA7CD /* ShadowView.swift in Sources */ = {isa = PBXBuildFile; fileRef = 01E62FCA2635EF3C00BDA7CD /* ShadowView.swift */; };
		01E62FE02635EF3C00BDA7CD /* RoundedShadowView.swift in Sources */ = {isa = PBXBuildFile; fileRef = 01E62FCE2635EF3C00BDA7CD /* RoundedShadowView.swift */; };
/* End PBXBuildFile section */

/* Begin PBXContainerItemProxy section */
		01E62F402635ED5700BDA7CD /* PBXContainerItemProxy */ = {
			isa = PBXContainerItemProxy;
			containerPortal = 01E62F212635ED5500BDA7CD /* Project object */;
			proxyType = 1;
			remoteGlobalIDString = 01E62F282635ED5500BDA7CD;
			remoteInfo = Kian;
		};
		01E62F4B2635ED5700BDA7CD /* PBXContainerItemProxy */ = {
			isa = PBXContainerItemProxy;
			containerPortal = 01E62F212635ED5500BDA7CD /* Project object */;
			proxyType = 1;
			remoteGlobalIDString = 01E62F282635ED5500BDA7CD;
			remoteInfo = Kian;
		};
/* End PBXContainerItemProxy section */

/* Begin PBXFileReference section */
		01CCFEAD2636682B006B19CD /* ContactsModel.swift */ = {isa = PBXFileReference; lastKnownFileType = sourcecode.swift; path = ContactsModel.swift; sourceTree = "<group>"; };
		01CCFEB226367038006B19CD /* HomeController+UITableViewDelegate.swift */ = {isa = PBXFileReference; lastKnownFileType = sourcecode.swift; path = "HomeController+UITableViewDelegate.swift"; sourceTree = "<group>"; };
		01CCFEB7263670B1006B19CD /* QuickAddsTableViewCell.swift */ = {isa = PBXFileReference; lastKnownFileType = sourcecode.swift; path = QuickAddsTableViewCell.swift; sourceTree = "<group>"; };
		01CCFEBC26367615006B19CD /* ContactsTableViewCell.swift */ = {isa = PBXFileReference; lastKnownFileType = sourcecode.swift; path = ContactsTableViewCell.swift; sourceTree = "<group>"; };
		01CCFEC426367B1C006B19CD /* ImageDownloader.swift */ = {isa = PBXFileReference; lastKnownFileType = sourcecode.swift; path = ImageDownloader.swift; sourceTree = "<group>"; };
		01CCFEC926368E3B006B19CD /* UIImageView.swift */ = {isa = PBXFileReference; lastKnownFileType = sourcecode.swift; path = UIImageView.swift; sourceTree = "<group>"; };
		01CCFED12636964F006B19CD /* ContactsHeaderTableView.xib */ = {isa = PBXFileReference; lastKnownFileType = file.xib; path = ContactsHeaderTableView.xib; sourceTree = "<group>"; };
		01CCFED62636968F006B19CD /* ContactHeaderTableView.swift */ = {isa = PBXFileReference; lastKnownFileType = sourcecode.swift; path = ContactHeaderTableView.swift; sourceTree = "<group>"; };
		01E62F292635ED5500BDA7CD /* Kian.app */ = {isa = PBXFileReference; explicitFileType = wrapper.application; includeInIndex = 0; path = Kian.app; sourceTree = BUILT_PRODUCTS_DIR; };
		01E62F2C2635ED5500BDA7CD /* AppDelegate.swift */ = {isa = PBXFileReference; lastKnownFileType = sourcecode.swift; path = AppDelegate.swift; sourceTree = "<group>"; };
		01E62F352635ED5700BDA7CD /* Assets.xcassets */ = {isa = PBXFileReference; lastKnownFileType = folder.assetcatalog; path = Assets.xcassets; sourceTree = "<group>"; };
		01E62F382635ED5700BDA7CD /* Base */ = {isa = PBXFileReference; lastKnownFileType = file.storyboard; name = Base; path = Base.lproj/LaunchScreen.storyboard; sourceTree = "<group>"; };
		01E62F3A2635ED5700BDA7CD /* Info.plist */ = {isa = PBXFileReference; lastKnownFileType = text.plist.xml; path = Info.plist; sourceTree = "<group>"; };
		01E62F3F2635ED5700BDA7CD /* KianTests.xctest */ = {isa = PBXFileReference; explicitFileType = wrapper.cfbundle; includeInIndex = 0; path = KianTests.xctest; sourceTree = BUILT_PRODUCTS_DIR; };
		01E62F432635ED5700BDA7CD /* KianTests.swift */ = {isa = PBXFileReference; lastKnownFileType = sourcecode.swift; path = KianTests.swift; sourceTree = "<group>"; };
		01E62F452635ED5700BDA7CD /* Info.plist */ = {isa = PBXFileReference; lastKnownFileType = text.plist.xml; path = Info.plist; sourceTree = "<group>"; };
		01E62F4A2635ED5700BDA7CD /* KianUITests.xctest */ = {isa = PBXFileReference; explicitFileType = wrapper.cfbundle; includeInIndex = 0; path = KianUITests.xctest; sourceTree = BUILT_PRODUCTS_DIR; };
		01E62F4E2635ED5700BDA7CD /* KianUITests.swift */ = {isa = PBXFileReference; lastKnownFileType = sourcecode.swift; path = KianUITests.swift; sourceTree = "<group>"; };
		01E62F502635ED5700BDA7CD /* Info.plist */ = {isa = PBXFileReference; lastKnownFileType = text.plist.xml; path = Info.plist; sourceTree = "<group>"; };
		01E62F632635EE2D00BDA7CD /* MainCoordinator.swift */ = {isa = PBXFileReference; fileEncoding = 4; lastKnownFileType = sourcecode.swift; path = MainCoordinator.swift; sourceTree = "<group>"; };
		01E62F642635EE2D00BDA7CD /* CoordinatorProtocol.swift */ = {isa = PBXFileReference; fileEncoding = 4; lastKnownFileType = sourcecode.swift; path = CoordinatorProtocol.swift; sourceTree = "<group>"; };
		01E62F6C2635EE3400BDA7CD /* UIAlertControllerExtension.swift */ = {isa = PBXFileReference; fileEncoding = 4; lastKnownFileType = sourcecode.swift; path = UIAlertControllerExtension.swift; sourceTree = "<group>"; };
		01E62F7B2635EE3400BDA7CD /* UIControllerExtension.swift */ = {isa = PBXFileReference; fileEncoding = 4; lastKnownFileType = sourcecode.swift; path = UIControllerExtension.swift; sourceTree = "<group>"; };
		01E62F7C2635EE3400BDA7CD /* ServerEncoder.swift */ = {isa = PBXFileReference; fileEncoding = 4; lastKnownFileType = sourcecode.swift; path = ServerEncoder.swift; sourceTree = "<group>"; };
		01E62F7F2635EE3400BDA7CD /* DateExtension.swift */ = {isa = PBXFileReference; fileEncoding = 4; lastKnownFileType = sourcecode.swift; path = DateExtension.swift; sourceTree = "<group>"; };
		01E62F9D2635EE3B00BDA7CD /* ServiceLayer.swift */ = {isa = PBXFileReference; fileEncoding = 4; lastKnownFileType = sourcecode.swift; path = ServiceLayer.swift; sourceTree = "<group>"; };
		01E62F9F2635EE3B00BDA7CD /* HttpStatusCodes.swift */ = {isa = PBXFileReference; fileEncoding = 4; lastKnownFileType = sourcecode.swift; path = HttpStatusCodes.swift; sourceTree = "<group>"; };
		01E62FA02635EE3B00BDA7CD /* ServiceError.swift */ = {isa = PBXFileReference; fileEncoding = 4; lastKnownFileType = sourcecode.swift; path = ServiceError.swift; sourceTree = "<group>"; };
		01E62FA12635EE3B00BDA7CD /* Router.swift */ = {isa = PBXFileReference; fileEncoding = 4; lastKnownFileType = sourcecode.swift; path = Router.swift; sourceTree = "<group>"; };
		01E62FA22635EE3B00BDA7CD /* NetworkErrorHandler.swift */ = {isa = PBXFileReference; fileEncoding = 4; lastKnownFileType = sourcecode.swift; path = NetworkErrorHandler.swift; sourceTree = "<group>"; };
		01E62FB32635EEF900BDA7CD /* Home.storyboard */ = {isa = PBXFileReference; lastKnownFileType = file.storyboard; path = Home.storyboard; sourceTree = "<group>"; };
		01E62FB82635EF1200BDA7CD /* HomeController.swift */ = {isa = PBXFileReference; lastKnownFileType = sourcecode.swift; path = HomeController.swift; sourceTree = "<group>"; };
		01E62FBE2635EF3C00BDA7CD /* PresentModal.swift */ = {isa = PBXFileReference; fileEncoding = 4; lastKnownFileType = sourcecode.swift; path = PresentModal.swift; sourceTree = "<group>"; };
		01E62FBF2635EF3C00BDA7CD /* UIColorExtention.swift */ = {isa = PBXFileReference; fileEncoding = 4; lastKnownFileType = sourcecode.swift; path = UIColorExtention.swift; sourceTree = "<group>"; };
		01E62FC12635EF3C00BDA7CD /* Sketch.swift */ = {isa = PBXFileReference; fileEncoding = 4; lastKnownFileType = sourcecode.swift; path = Sketch.swift; sourceTree = "<group>"; };
		01E62FC22635EF3C00BDA7CD /* LoadingExtention.swift */ = {isa = PBXFileReference; fileEncoding = 4; lastKnownFileType = sourcecode.swift; path = LoadingExtention.swift; sourceTree = "<group>"; };
		01E62FC62635EF3C00BDA7CD /* Storyboarded.swift */ = {isa = PBXFileReference; fileEncoding = 4; lastKnownFileType = sourcecode.swift; path = Storyboarded.swift; sourceTree = "<group>"; };
		01E62FC72635EF3C00BDA7CD /* UIViewExtensions.swift */ = {isa = PBXFileReference; fileEncoding = 4; lastKnownFileType = sourcecode.swift; path = UIViewExtensions.swift; sourceTree = "<group>"; };
		01E62FC82635EF3C00BDA7CD /* TelmaColor.swift */ = {isa = PBXFileReference; fileEncoding = 4; lastKnownFileType = sourcecode.swift; path = TelmaColor.swift; sourceTree = "<group>"; };
		01E62FC92635EF3C00BDA7CD /* RoundCorners.swift */ = {isa = PBXFileReference; fileEncoding = 4; lastKnownFileType = sourcecode.swift; path = RoundCorners.swift; sourceTree = "<group>"; };
		01E62FCA2635EF3C00BDA7CD /* ShadowView.swift */ = {isa = PBXFileReference; fileEncoding = 4; lastKnownFileType = sourcecode.swift; path = ShadowView.swift; sourceTree = "<group>"; };
		01E62FCE2635EF3C00BDA7CD /* RoundedShadowView.swift */ = {isa = PBXFileReference; fileEncoding = 4; lastKnownFileType = sourcecode.swift; path = RoundedShadowView.swift; sourceTree = "<group>"; };
/* End PBXFileReference section */

/* Begin PBXFrameworksBuildPhase section */
		01E62F262635ED5500BDA7CD /* Frameworks */ = {
			isa = PBXFrameworksBuildPhase;
			buildActionMask = 2147483647;
			files = (
			);
			runOnlyForDeploymentPostprocessing = 0;
		};
		01E62F3C2635ED5700BDA7CD /* Frameworks */ = {
			isa = PBXFrameworksBuildPhase;
			buildActionMask = 2147483647;
			files = (
			);
			runOnlyForDeploymentPostprocessing = 0;
		};
		01E62F472635ED5700BDA7CD /* Frameworks */ = {
			isa = PBXFrameworksBuildPhase;
			buildActionMask = 2147483647;
			files = (
			);
			runOnlyForDeploymentPostprocessing = 0;
		};
/* End PBXFrameworksBuildPhase section */

/* Begin PBXGroup section */
		01CCFEAC26366819006B19CD /* Model */ = {
			isa = PBXGroup;
			children = (
				01CCFEAD2636682B006B19CD /* ContactsModel.swift */,
			);
			path = Model;
			sourceTree = "<group>";
		};
		01E62F202635ED5500BDA7CD = {
			isa = PBXGroup;
			children = (
				01E62F2B2635ED5500BDA7CD /* Kian */,
				01E62F422635ED5700BDA7CD /* KianTests */,
				01E62F4D2635ED5700BDA7CD /* KianUITests */,
				01E62F2A2635ED5500BDA7CD /* Products */,
			);
			sourceTree = "<group>";
		};
		01E62F2A2635ED5500BDA7CD /* Products */ = {
			isa = PBXGroup;
			children = (
				01E62F292635ED5500BDA7CD /* Kian.app */,
				01E62F3F2635ED5700BDA7CD /* KianTests.xctest */,
				01E62F4A2635ED5700BDA7CD /* KianUITests.xctest */,
			);
			name = Products;
			sourceTree = "<group>";
		};
		01E62F2B2635ED5500BDA7CD /* Kian */ = {
			isa = PBXGroup;
			children = (
				01CCFEAC26366819006B19CD /* Model */,
				01E62FBD2635EF3C00BDA7CD /* Design */,
				01E62FB22635EEE900BDA7CD /* Home */,
				01E62F9C2635EE3B00BDA7CD /* Networking */,
				01E62F6A2635EE3400BDA7CD /* Utility */,
				01E62F622635EE2D00BDA7CD /* Coordinator */,
				01E62F2C2635ED5500BDA7CD /* AppDelegate.swift */,
				01E62F352635ED5700BDA7CD /* Assets.xcassets */,
				01E62F372635ED5700BDA7CD /* LaunchScreen.storyboard */,
				01E62F3A2635ED5700BDA7CD /* Info.plist */,
			);
			path = Kian;
			sourceTree = "<group>";
		};
		01E62F422635ED5700BDA7CD /* KianTests */ = {
			isa = PBXGroup;
			children = (
				01E62F432635ED5700BDA7CD /* KianTests.swift */,
				01E62F452635ED5700BDA7CD /* Info.plist */,
			);
			path = KianTests;
			sourceTree = "<group>";
		};
		01E62F4D2635ED5700BDA7CD /* KianUITests */ = {
			isa = PBXGroup;
			children = (
				01E62F4E2635ED5700BDA7CD /* KianUITests.swift */,
				01E62F502635ED5700BDA7CD /* Info.plist */,
			);
			path = KianUITests;
			sourceTree = "<group>";
		};
		01E62F622635EE2D00BDA7CD /* Coordinator */ = {
			isa = PBXGroup;
			children = (
				01E62F632635EE2D00BDA7CD /* MainCoordinator.swift */,
				01E62F642635EE2D00BDA7CD /* CoordinatorProtocol.swift */,
			);
			path = Coordinator;
			sourceTree = "<group>";
		};
		01E62F6A2635EE3400BDA7CD /* Utility */ = {
			isa = PBXGroup;
			children = (
				01E62F6C2635EE3400BDA7CD /* UIAlertControllerExtension.swift */,
				01E62F7B2635EE3400BDA7CD /* UIControllerExtension.swift */,
				01E62F7C2635EE3400BDA7CD /* ServerEncoder.swift */,
				01E62F7F2635EE3400BDA7CD /* DateExtension.swift */,
				01CCFEC426367B1C006B19CD /* ImageDownloader.swift */,
			);
			path = Utility;
			sourceTree = "<group>";
		};
		01E62F9C2635EE3B00BDA7CD /* Networking */ = {
			isa = PBXGroup;
			children = (
				01E62F9D2635EE3B00BDA7CD /* ServiceLayer.swift */,
				01E62F9F2635EE3B00BDA7CD /* HttpStatusCodes.swift */,
				01E62FA02635EE3B00BDA7CD /* ServiceError.swift */,
				01E62FA12635EE3B00BDA7CD /* Router.swift */,
				01E62FA22635EE3B00BDA7CD /* NetworkErrorHandler.swift */,
			);
			path = Networking;
			sourceTree = "<group>";
		};
		01E62FB22635EEE900BDA7CD /* Home */ = {
			isa = PBXGroup;
			children = (
				01E62FB32635EEF900BDA7CD /* Home.storyboard */,
				01E62FB82635EF1200BDA7CD /* HomeController.swift */,
				01CCFEB226367038006B19CD /* HomeController+UITableViewDelegate.swift */,
				01CCFEB7263670B1006B19CD /* QuickAddsTableViewCell.swift */,
				01CCFEBC26367615006B19CD /* ContactsTableViewCell.swift */,
				01CCFED12636964F006B19CD /* ContactsHeaderTableView.xib */,
				01CCFED62636968F006B19CD /* ContactHeaderTableView.swift */,
			);
			path = Home;
			sourceTree = "<group>";
		};
		01E62FBD2635EF3C00BDA7CD /* Design */ = {
			isa = PBXGroup;
			children = (
				01E62FBE2635EF3C00BDA7CD /* PresentModal.swift */,
				01E62FBF2635EF3C00BDA7CD /* UIColorExtention.swift */,
				01E62FC12635EF3C00BDA7CD /* Sketch.swift */,
				01E62FC22635EF3C00BDA7CD /* LoadingExtention.swift */,
				01E62FC62635EF3C00BDA7CD /* Storyboarded.swift */,
				01E62FC72635EF3C00BDA7CD /* UIViewExtensions.swift */,
				01E62FC82635EF3C00BDA7CD /* TelmaColor.swift */,
				01E62FC92635EF3C00BDA7CD /* RoundCorners.swift */,
				01E62FCA2635EF3C00BDA7CD /* ShadowView.swift */,
				01E62FCE2635EF3C00BDA7CD /* RoundedShadowView.swift */,
				01CCFEC926368E3B006B19CD /* UIImageView.swift */,
			);
			path = Design;
			sourceTree = "<group>";
		};
/* End PBXGroup section */

/* Begin PBXNativeTarget section */
		01E62F282635ED5500BDA7CD /* Kian */ = {
			isa = PBXNativeTarget;
			buildConfigurationList = 01E62F532635ED5700BDA7CD /* Build configuration list for PBXNativeTarget "Kian" */;
			buildPhases = (
				01E62F252635ED5500BDA7CD /* Sources */,
				01E62F262635ED5500BDA7CD /* Frameworks */,
				01E62F272635ED5500BDA7CD /* Resources */,
			);
			buildRules = (
			);
			dependencies = (
			);
			name = Kian;
			productName = Kian;
			productReference = 01E62F292635ED5500BDA7CD /* Kian.app */;
			productType = "com.apple.product-type.application";
		};
		01E62F3E2635ED5700BDA7CD /* KianTests */ = {
			isa = PBXNativeTarget;
			buildConfigurationList = 01E62F562635ED5700BDA7CD /* Build configuration list for PBXNativeTarget "KianTests" */;
			buildPhases = (
				01E62F3B2635ED5700BDA7CD /* Sources */,
				01E62F3C2635ED5700BDA7CD /* Frameworks */,
				01E62F3D2635ED5700BDA7CD /* Resources */,
			);
			buildRules = (
			);
			dependencies = (
				01E62F412635ED5700BDA7CD /* PBXTargetDependency */,
			);
			name = KianTests;
			productName = KianTests;
			productReference = 01E62F3F2635ED5700BDA7CD /* KianTests.xctest */;
			productType = "com.apple.product-type.bundle.unit-test";
		};
		01E62F492635ED5700BDA7CD /* KianUITests */ = {
			isa = PBXNativeTarget;
			buildConfigurationList = 01E62F592635ED5700BDA7CD /* Build configuration list for PBXNativeTarget "KianUITests" */;
			buildPhases = (
				01E62F462635ED5700BDA7CD /* Sources */,
				01E62F472635ED5700BDA7CD /* Frameworks */,
				01E62F482635ED5700BDA7CD /* Resources */,
			);
			buildRules = (
			);
			dependencies = (
				01E62F4C2635ED5700BDA7CD /* PBXTargetDependency */,
			);
			name = KianUITests;
			productName = KianUITests;
			productReference = 01E62F4A2635ED5700BDA7CD /* KianUITests.xctest */;
			productType = "com.apple.product-type.bundle.ui-testing";
		};
/* End PBXNativeTarget section */

/* Begin PBXProject section */
		01E62F212635ED5500BDA7CD /* Project object */ = {
			isa = PBXProject;
			attributes = {
				LastSwiftUpdateCheck = 1210;
				LastUpgradeCheck = 1210;
				TargetAttributes = {
					01E62F282635ED5500BDA7CD = {
						CreatedOnToolsVersion = 12.1;
					};
					01E62F3E2635ED5700BDA7CD = {
						CreatedOnToolsVersion = 12.1;
						TestTargetID = 01E62F282635ED5500BDA7CD;
					};
					01E62F492635ED5700BDA7CD = {
						CreatedOnToolsVersion = 12.1;
						TestTargetID = 01E62F282635ED5500BDA7CD;
					};
				};
			};
			buildConfigurationList = 01E62F242635ED5500BDA7CD /* Build configuration list for PBXProject "Kian" */;
			compatibilityVersion = "Xcode 9.3";
			developmentRegion = en;
			hasScannedForEncodings = 0;
			knownRegions = (
				en,
				Base,
			);
			mainGroup = 01E62F202635ED5500BDA7CD;
			productRefGroup = 01E62F2A2635ED5500BDA7CD /* Products */;
			projectDirPath = "";
			projectRoot = "";
			targets = (
				01E62F282635ED5500BDA7CD /* Kian */,
				01E62F3E2635ED5700BDA7CD /* KianTests */,
				01E62F492635ED5700BDA7CD /* KianUITests */,
			);
		};
/* End PBXProject section */

/* Begin PBXResourcesBuildPhase section */
		01E62F272635ED5500BDA7CD /* Resources */ = {
			isa = PBXResourcesBuildPhase;
			buildActionMask = 2147483647;
			files = (
				01E62FB42635EEF900BDA7CD /* Home.storyboard in Resources */,
				01E62F392635ED5700BDA7CD /* LaunchScreen.storyboard in Resources */,
				01E62F362635ED5700BDA7CD /* Assets.xcassets in Resources */,
				01CCFED22636964F006B19CD /* ContactsHeaderTableView.xib in Resources */,
			);
			runOnlyForDeploymentPostprocessing = 0;
		};
		01E62F3D2635ED5700BDA7CD /* Resources */ = {
			isa = PBXResourcesBuildPhase;
			buildActionMask = 2147483647;
			files = (
			);
			runOnlyForDeploymentPostprocessing = 0;
		};
		01E62F482635ED5700BDA7CD /* Resources */ = {
			isa = PBXResourcesBuildPhase;
			buildActionMask = 2147483647;
			files = (
			);
			runOnlyForDeploymentPostprocessing = 0;
		};
/* End PBXResourcesBuildPhase section */

/* Begin PBXSourcesBuildPhase section */
		01E62F252635ED5500BDA7CD /* Sources */ = {
			isa = PBXSourcesBuildPhase;
			buildActionMask = 2147483647;
			files = (
				01E62FB92635EF1200BDA7CD /* HomeController.swift in Sources */,
				01CCFED72636968F006B19CD /* ContactHeaderTableView.swift in Sources */,
				01E62F922635EE3400BDA7CD /* UIControllerExtension.swift in Sources */,
				01CCFEBD26367615006B19CD /* ContactsTableViewCell.swift in Sources */,
				01E62F652635EE2D00BDA7CD /* MainCoordinator.swift in Sources */,
				01E62F932635EE3400BDA7CD /* ServerEncoder.swift in Sources */,
				01E62FE02635EF3C00BDA7CD /* RoundedShadowView.swift in Sources */,
				01E62FA72635EE3B00BDA7CD /* Router.swift in Sources */,
				01E62FA62635EE3B00BDA7CD /* ServiceError.swift in Sources */,
				01E62FD12635EF3C00BDA7CD /* UIColorExtention.swift in Sources */,
				01CCFEB326367038006B19CD /* HomeController+UITableViewDelegate.swift in Sources */,
				01E62FDB2635EF3C00BDA7CD /* RoundCorners.swift in Sources */,
				01E62FA52635EE3B00BDA7CD /* HttpStatusCodes.swift in Sources */,
				01E62F962635EE3400BDA7CD /* DateExtension.swift in Sources */,
				01CCFEB8263670B1006B19CD /* QuickAddsTableViewCell.swift in Sources */,
				01E62FD42635EF3C00BDA7CD /* LoadingExtention.swift in Sources */,
				01CCFECA26368E3B006B19CD /* UIImageView.swift in Sources */,
				01E62FD92635EF3C00BDA7CD /* UIViewExtensions.swift in Sources */,
				01E62F832635EE3400BDA7CD /* UIAlertControllerExtension.swift in Sources */,
				01CCFEAE2636682B006B19CD /* ContactsModel.swift in Sources */,
				01E62FDA2635EF3C00BDA7CD /* TelmaColor.swift in Sources */,
				01E62FA82635EE3B00BDA7CD /* NetworkErrorHandler.swift in Sources */,
				01E62F662635EE2D00BDA7CD /* CoordinatorProtocol.swift in Sources */,
				01E62FD02635EF3C00BDA7CD /* PresentModal.swift in Sources */,
				01E62FDC2635EF3C00BDA7CD /* ShadowView.swift in Sources */,
				01CCFEC526367B1C006B19CD /* ImageDownloader.swift in Sources */,
				01E62F2D2635ED5500BDA7CD /* AppDelegate.swift in Sources */,
				01E62FD32635EF3C00BDA7CD /* Sketch.swift in Sources */,
				01E62FA32635EE3B00BDA7CD /* ServiceLayer.swift in Sources */,
				01E62FD82635EF3C00BDA7CD /* Storyboarded.swift in Sources */,
			);
			runOnlyForDeploymentPostprocessing = 0;
		};
		01E62F3B2635ED5700BDA7CD /* Sources */ = {
			isa = PBXSourcesBuildPhase;
			buildActionMask = 2147483647;
			files = (
				01E62F442635ED5700BDA7CD /* KianTests.swift in Sources */,
			);
			runOnlyForDeploymentPostprocessing = 0;
		};
		01E62F462635ED5700BDA7CD /* Sources */ = {
			isa = PBXSourcesBuildPhase;
			buildActionMask = 2147483647;
			files = (
				01E62F4F2635ED5700BDA7CD /* KianUITests.swift in Sources */,
			);
			runOnlyForDeploymentPostprocessing = 0;
		};
/* End PBXSourcesBuildPhase section */

/* Begin PBXTargetDependency section */
		01E62F412635ED5700BDA7CD /* PBXTargetDependency */ = {
			isa = PBXTargetDependency;
			target = 01E62F282635ED5500BDA7CD /* Kian */;
			targetProxy = 01E62F402635ED5700BDA7CD /* PBXContainerItemProxy */;
		};
		01E62F4C2635ED5700BDA7CD /* PBXTargetDependency */ = {
			isa = PBXTargetDependency;
			target = 01E62F282635ED5500BDA7CD /* Kian */;
			targetProxy = 01E62F4B2635ED5700BDA7CD /* PBXContainerItemProxy */;
		};
/* End PBXTargetDependency section */

/* Begin PBXVariantGroup section */
		01E62F372635ED5700BDA7CD /* LaunchScreen.storyboard */ = {
			isa = PBXVariantGroup;
			children = (
				01E62F382635ED5700BDA7CD /* Base */,
			);
			name = LaunchScreen.storyboard;
			sourceTree = "<group>";
		};
/* End PBXVariantGroup section */

/* Begin XCBuildConfiguration section */
		01E62F512635ED5700BDA7CD /* Debug */ = {
			isa = XCBuildConfiguration;
			buildSettings = {
				ALWAYS_SEARCH_USER_PATHS = NO;
				CLANG_ANALYZER_NONNULL = YES;
				CLANG_ANALYZER_NUMBER_OBJECT_CONVERSION = YES_AGGRESSIVE;
				CLANG_CXX_LANGUAGE_STANDARD = "gnu++14";
				CLANG_CXX_LIBRARY = "libc++";
				CLANG_ENABLE_MODULES = YES;
				CLANG_ENABLE_OBJC_ARC = YES;
				CLANG_ENABLE_OBJC_WEAK = YES;
				CLANG_WARN_BLOCK_CAPTURE_AUTORELEASING = YES;
				CLANG_WARN_BOOL_CONVERSION = YES;
				CLANG_WARN_COMMA = YES;
				CLANG_WARN_CONSTANT_CONVERSION = YES;
				CLANG_WARN_DEPRECATED_OBJC_IMPLEMENTATIONS = YES;
				CLANG_WARN_DIRECT_OBJC_ISA_USAGE = YES_ERROR;
				CLANG_WARN_DOCUMENTATION_COMMENTS = YES;
				CLANG_WARN_EMPTY_BODY = YES;
				CLANG_WARN_ENUM_CONVERSION = YES;
				CLANG_WARN_INFINITE_RECURSION = YES;
				CLANG_WARN_INT_CONVERSION = YES;
				CLANG_WARN_NON_LITERAL_NULL_CONVERSION = YES;
				CLANG_WARN_OBJC_IMPLICIT_RETAIN_SELF = YES;
				CLANG_WARN_OBJC_LITERAL_CONVERSION = YES;
				CLANG_WARN_OBJC_ROOT_CLASS = YES_ERROR;
				CLANG_WARN_QUOTED_INCLUDE_IN_FRAMEWORK_HEADER = YES;
				CLANG_WARN_RANGE_LOOP_ANALYSIS = YES;
				CLANG_WARN_STRICT_PROTOTYPES = YES;
				CLANG_WARN_SUSPICIOUS_MOVE = YES;
				CLANG_WARN_UNGUARDED_AVAILABILITY = YES_AGGRESSIVE;
				CLANG_WARN_UNREACHABLE_CODE = YES;
				CLANG_WARN__DUPLICATE_METHOD_MATCH = YES;
				COPY_PHASE_STRIP = NO;
				DEBUG_INFORMATION_FORMAT = dwarf;
				ENABLE_STRICT_OBJC_MSGSEND = YES;
				ENABLE_TESTABILITY = YES;
				GCC_C_LANGUAGE_STANDARD = gnu11;
				GCC_DYNAMIC_NO_PIC = NO;
				GCC_NO_COMMON_BLOCKS = YES;
				GCC_OPTIMIZATION_LEVEL = 0;
				GCC_PREPROCESSOR_DEFINITIONS = (
					"DEBUG=1",
					"$(inherited)",
				);
				GCC_WARN_64_TO_32_BIT_CONVERSION = YES;
				GCC_WARN_ABOUT_RETURN_TYPE = YES_ERROR;
				GCC_WARN_UNDECLARED_SELECTOR = YES;
				GCC_WARN_UNINITIALIZED_AUTOS = YES_AGGRESSIVE;
				GCC_WARN_UNUSED_FUNCTION = YES;
				GCC_WARN_UNUSED_VARIABLE = YES;
				IPHONEOS_DEPLOYMENT_TARGET = 14.1;
				MTL_ENABLE_DEBUG_INFO = INCLUDE_SOURCE;
				MTL_FAST_MATH = YES;
				ONLY_ACTIVE_ARCH = YES;
				SDKROOT = iphoneos;
				SWIFT_ACTIVE_COMPILATION_CONDITIONS = DEBUG;
				SWIFT_OPTIMIZATION_LEVEL = "-Onone";
			};
			name = Debug;
		};
		01E62F522635ED5700BDA7CD /* Release */ = {
			isa = XCBuildConfiguration;
			buildSettings = {
				ALWAYS_SEARCH_USER_PATHS = NO;
				CLANG_ANALYZER_NONNULL = YES;
				CLANG_ANALYZER_NUMBER_OBJECT_CONVERSION = YES_AGGRESSIVE;
				CLANG_CXX_LANGUAGE_STANDARD = "gnu++14";
				CLANG_CXX_LIBRARY = "libc++";
				CLANG_ENABLE_MODULES = YES;
				CLANG_ENABLE_OBJC_ARC = YES;
				CLANG_ENABLE_OBJC_WEAK = YES;
				CLANG_WARN_BLOCK_CAPTURE_AUTORELEASING = YES;
				CLANG_WARN_BOOL_CONVERSION = YES;
				CLANG_WARN_COMMA = YES;
				CLANG_WARN_CONSTANT_CONVERSION = YES;
				CLANG_WARN_DEPRECATED_OBJC_IMPLEMENTATIONS = YES;
				CLANG_WARN_DIRECT_OBJC_ISA_USAGE = YES_ERROR;
				CLANG_WARN_DOCUMENTATION_COMMENTS = YES;
				CLANG_WARN_EMPTY_BODY = YES;
				CLANG_WARN_ENUM_CONVERSION = YES;
				CLANG_WARN_INFINITE_RECURSION = YES;
				CLANG_WARN_INT_CONVERSION = YES;
				CLANG_WARN_NON_LITERAL_NULL_CONVERSION = YES;
				CLANG_WARN_OBJC_IMPLICIT_RETAIN_SELF = YES;
				CLANG_WARN_OBJC_LITERAL_CONVERSION = YES;
				CLANG_WARN_OBJC_ROOT_CLASS = YES_ERROR;
				CLANG_WARN_QUOTED_INCLUDE_IN_FRAMEWORK_HEADER = YES;
				CLANG_WARN_RANGE_LOOP_ANALYSIS = YES;
				CLANG_WARN_STRICT_PROTOTYPES = YES;
				CLANG_WARN_SUSPICIOUS_MOVE = YES;
				CLANG_WARN_UNGUARDED_AVAILABILITY = YES_AGGRESSIVE;
				CLANG_WARN_UNREACHABLE_CODE = YES;
				CLANG_WARN__DUPLICATE_METHOD_MATCH = YES;
				COPY_PHASE_STRIP = NO;
				DEBUG_INFORMATION_FORMAT = "dwarf-with-dsym";
				ENABLE_NS_ASSERTIONS = NO;
				ENABLE_STRICT_OBJC_MSGSEND = YES;
				GCC_C_LANGUAGE_STANDARD = gnu11;
				GCC_NO_COMMON_BLOCKS = YES;
				GCC_WARN_64_TO_32_BIT_CONVERSION = YES;
				GCC_WARN_ABOUT_RETURN_TYPE = YES_ERROR;
				GCC_WARN_UNDECLARED_SELECTOR = YES;
				GCC_WARN_UNINITIALIZED_AUTOS = YES_AGGRESSIVE;
				GCC_WARN_UNUSED_FUNCTION = YES;
				GCC_WARN_UNUSED_VARIABLE = YES;
				IPHONEOS_DEPLOYMENT_TARGET = 14.1;
				MTL_ENABLE_DEBUG_INFO = NO;
				MTL_FAST_MATH = YES;
				SDKROOT = iphoneos;
				SWIFT_COMPILATION_MODE = wholemodule;
				SWIFT_OPTIMIZATION_LEVEL = "-O";
				VALIDATE_PRODUCT = YES;
			};
			name = Release;
		};
		01E62F542635ED5700BDA7CD /* Debug */ = {
			isa = XCBuildConfiguration;
			buildSettings = {
				ASSETCATALOG_COMPILER_APPICON_NAME = AppIcon;
				ASSETCATALOG_COMPILER_GLOBAL_ACCENT_COLOR_NAME = AccentColor;
				CODE_SIGN_STYLE = Automatic;
				DEVELOPMENT_TEAM = WUQEBT7FU5;
				INFOPLIST_FILE = Kian/Info.plist;
				LD_RUNPATH_SEARCH_PATHS = (
					"$(inherited)",
					"@executable_path/Frameworks",
				);
				PRODUCT_BUNDLE_IDENTIFIER = com.ios.swift.kian.Kian;
				PRODUCT_NAME = "$(TARGET_NAME)";
				SWIFT_VERSION = 5.0;
				TARGETED_DEVICE_FAMILY = "1,2";
			};
			name = Debug;
		};
		01E62F552635ED5700BDA7CD /* Release */ = {
			isa = XCBuildConfiguration;
			buildSettings = {
				ASSETCATALOG_COMPILER_APPICON_NAME = AppIcon;
				ASSETCATALOG_COMPILER_GLOBAL_ACCENT_COLOR_NAME = AccentColor;
				CODE_SIGN_STYLE = Automatic;
				DEVELOPMENT_TEAM = WUQEBT7FU5;
				INFOPLIST_FILE = Kian/Info.plist;
				LD_RUNPATH_SEARCH_PATHS = (
					"$(inherited)",
					"@executable_path/Frameworks",
				);
				PRODUCT_BUNDLE_IDENTIFIER = com.ios.swift.kian.Kian;
				PRODUCT_NAME = "$(TARGET_NAME)";
				SWIFT_VERSION = 5.0;
				TARGETED_DEVICE_FAMILY = "1,2";
			};
			name = Release;
		};
		01E62F572635ED5700BDA7CD /* Debug */ = {
			isa = XCBuildConfiguration;
			buildSettings = {
				ALWAYS_EMBED_SWIFT_STANDARD_LIBRARIES = YES;
				BUNDLE_LOADER = "$(TEST_HOST)";
				CODE_SIGN_STYLE = Automatic;
				DEVELOPMENT_TEAM = WUQEBT7FU5;
				INFOPLIST_FILE = KianTests/Info.plist;
				IPHONEOS_DEPLOYMENT_TARGET = 14.1;
				LD_RUNPATH_SEARCH_PATHS = (
					"$(inherited)",
					"@executable_path/Frameworks",
					"@loader_path/Frameworks",
				);
				PRODUCT_BUNDLE_IDENTIFIER = com.ios.swift.kian.KianTests;
				PRODUCT_NAME = "$(TARGET_NAME)";
				SWIFT_VERSION = 5.0;
				TARGETED_DEVICE_FAMILY = "1,2";
				TEST_HOST = "$(BUILT_PRODUCTS_DIR)/Kian.app/Kian";
			};
			name = Debug;
		};
		01E62F582635ED5700BDA7CD /* Release */ = {
			isa = XCBuildConfiguration;
			buildSettings = {
				ALWAYS_EMBED_SWIFT_STANDARD_LIBRARIES = YES;
				BUNDLE_LOADER = "$(TEST_HOST)";
				CODE_SIGN_STYLE = Automatic;
				DEVELOPMENT_TEAM = WUQEBT7FU5;
				INFOPLIST_FILE = KianTests/Info.plist;
				IPHONEOS_DEPLOYMENT_TARGET = 14.1;
				LD_RUNPATH_SEARCH_PATHS = (
					"$(inherited)",
					"@executable_path/Frameworks",
					"@loader_path/Frameworks",
				);
				PRODUCT_BUNDLE_IDENTIFIER = com.ios.swift.kian.KianTests;
				PRODUCT_NAME = "$(TARGET_NAME)";
				SWIFT_VERSION = 5.0;
				TARGETED_DEVICE_FAMILY = "1,2";
				TEST_HOST = "$(BUILT_PRODUCTS_DIR)/Kian.app/Kian";
			};
			name = Release;
		};
		01E62F5A2635ED5700BDA7CD /* Debug */ = {
			isa = XCBuildConfiguration;
			buildSettings = {
				ALWAYS_EMBED_SWIFT_STANDARD_LIBRARIES = YES;
				CODE_SIGN_STYLE = Automatic;
				DEVELOPMENT_TEAM = WUQEBT7FU5;
				INFOPLIST_FILE = KianUITests/Info.plist;
				LD_RUNPATH_SEARCH_PATHS = (
					"$(inherited)",
					"@executable_path/Frameworks",
					"@loader_path/Frameworks",
				);
				PRODUCT_BUNDLE_IDENTIFIER = com.ios.swift.kian.KianUITests;
				PRODUCT_NAME = "$(TARGET_NAME)";
				SWIFT_VERSION = 5.0;
				TARGETED_DEVICE_FAMILY = "1,2";
				TEST_TARGET_NAME = Kian;
			};
			name = Debug;
		};
		01E62F5B2635ED5700BDA7CD /* Release */ = {
			isa = XCBuildConfiguration;
			buildSettings = {
				ALWAYS_EMBED_SWIFT_STANDARD_LIBRARIES = YES;
				CODE_SIGN_STYLE = Automatic;
				DEVELOPMENT_TEAM = WUQEBT7FU5;
				INFOPLIST_FILE = KianUITests/Info.plist;
				LD_RUNPATH_SEARCH_PATHS = (
					"$(inherited)",
					"@executable_path/Frameworks",
					"@loader_path/Frameworks",
				);
				PRODUCT_BUNDLE_IDENTIFIER = com.ios.swift.kian.KianUITests;
				PRODUCT_NAME = "$(TARGET_NAME)";
				SWIFT_VERSION = 5.0;
				TARGETED_DEVICE_FAMILY = "1,2";
				TEST_TARGET_NAME = Kian;
			};
			name = Release;
		};
/* End XCBuildConfiguration section */

/* Begin XCConfigurationList section */
		01E62F242635ED5500BDA7CD /* Build configuration list for PBXProject "Kian" */ = {
			isa = XCConfigurationList;
			buildConfigurations = (
				01E62F512635ED5700BDA7CD /* Debug */,
				01E62F522635ED5700BDA7CD /* Release */,
			);
			defaultConfigurationIsVisible = 0;
			defaultConfigurationName = Release;
		};
		01E62F532635ED5700BDA7CD /* Build configuration list for PBXNativeTarget "Kian" */ = {
			isa = XCConfigurationList;
			buildConfigurations = (
				01E62F542635ED5700BDA7CD /* Debug */,
				01E62F552635ED5700BDA7CD /* Release */,
			);
			defaultConfigurationIsVisible = 0;
			defaultConfigurationName = Release;
		};
		01E62F562635ED5700BDA7CD /* Build configuration list for PBXNativeTarget "KianTests" */ = {
			isa = XCConfigurationList;
			buildConfigurations = (
				01E62F572635ED5700BDA7CD /* Debug */,
				01E62F582635ED5700BDA7CD /* Release */,
			);
			defaultConfigurationIsVisible = 0;
			defaultConfigurationName = Release;
		};
		01E62F592635ED5700BDA7CD /* Build configuration list for PBXNativeTarget "KianUITests" */ = {
			isa = XCConfigurationList;
			buildConfigurations = (
				01E62F5A2635ED5700BDA7CD /* Debug */,
				01E62F5B2635ED5700BDA7CD /* Release */,
			);
			defaultConfigurationIsVisible = 0;
			defaultConfigurationName = Release;
		};
/* End XCConfigurationList section */
	};
	rootObject = 01E62F212635ED5500BDA7CD /* Project object */;
}
